
Microsoft Visual Studio Solution File, Format Version 12.00
# Visual Studio Version 17
VisualStudioVersion = 17.3.32929.385
MinimumVisualStudioVersion = 10.0.40219.1
Project("{FAE04EC0-301F-11D3-BF4B-00C04F79EFBC}") = "DonutsGo.Api", "DonutsGo.Api\DonutsGo.Api.csproj", "{4A59926C-3EEE-4314-A19F-AF0298B6F31A}"
EndProject
Global
	GlobalSection(SolutionConfigurationPlatforms) = preSolution
		Debug|Any CPU = Debug|Any CPU
		Release|Any CPU = Release|Any CPU
	EndGlobalSection
	GlobalSection(ProjectConfigurationPlatforms) = postSolution
		{4A59926C-3EEE-4314-A19F-AF0298B6F31A}.Debug|Any CPU.ActiveCfg = Debug|Any CPU
		{4A59926C-3EEE-4314-A19F-AF0298B6F31A}.Debug|Any CPU.Build.0 = Debug|Any CPU
		{4A59926C-3EEE-4314-A19F-AF0298B6F31A}.Release|Any CPU.ActiveCfg = Release|Any CPU
		{4A59926C-3EEE-4314-A19F-AF0298B6F31A}.Release|Any CPU.Build.0 = Release|Any CPU
	EndGlobalSection
	GlobalSection(SolutionProperties) = preSolution
		HideSolutionNode = FALSE
	EndGlobalSection
	GlobalSection(ExtensibilityGlobals) = postSolution
		SolutionGuid = {15675AFC-28E6-4C6D-B2CD-C15296282386}
	EndGlobalSection
EndGlobal
