
Microsoft Visual Studio Solution File, Format Version 12.00
# Visual Studio Version 17
VisualStudioVersion = 17.3.32929.385
MinimumVisualStudioVersion = 10.0.40219.1
Project("{FAE04EC0-301F-11D3-BF4B-00C04F79EFBC}") = "ConsoleApp1", "ConsoleApp1\ConsoleApp1.csproj", "{60167217-EF33-417B-BB7F-13E69ED7D6AE}"
EndProject
Global
	GlobalSection(SolutionConfigurationPlatforms) = preSolution
		Debug|Any CPU = Debug|Any CPU
		Release|Any CPU = Release|Any CPU
	EndGlobalSection
	GlobalSection(ProjectConfigurationPlatforms) = postSolution
		{60167217-EF33-417B-BB7F-13E69ED7D6AE}.Debug|Any CPU.ActiveCfg = Debug|Any CPU
		{60167217-EF33-417B-BB7F-13E69ED7D6AE}.Debug|Any CPU.Build.0 = Debug|Any CPU
		{60167217-EF33-417B-BB7F-13E69ED7D6AE}.Release|Any CPU.ActiveCfg = Release|Any CPU
		{60167217-EF33-417B-BB7F-13E69ED7D6AE}.Release|Any CPU.Build.0 = Release|Any CPU
	EndGlobalSection
	GlobalSection(SolutionProperties) = preSolution
		HideSolutionNode = FALSE
	EndGlobalSection
	GlobalSection(ExtensibilityGlobals) = postSolution
		SolutionGuid = {1CAF1DC7-CB94-49DA-8673-EDC75BCB662A}
	EndGlobalSection
EndGlobal
