
Microsoft Visual Studio Solution File, Format Version 12.00
# Visual Studio Version 17
VisualStudioVersion = 17.3.32929.385
MinimumVisualStudioVersion = 10.0.40219.1
Project("{FAE04EC0-301F-11D3-BF4B-00C04F79EFBC}") = "Laurentiu", "Laurentiu\Laurentiu.csproj", "{E24FB9E4-087F-4173-8F35-8E1858303468}"
EndProject
Global
	GlobalSection(SolutionConfigurationPlatforms) = preSolution
		Debug|Any CPU = Debug|Any CPU
		Release|Any CPU = Release|Any CPU
	EndGlobalSection
	GlobalSection(ProjectConfigurationPlatforms) = postSolution
		{E24FB9E4-087F-4173-8F35-8E1858303468}.Debug|Any CPU.ActiveCfg = Debug|Any CPU
		{E24FB9E4-087F-4173-8F35-8E1858303468}.Debug|Any CPU.Build.0 = Debug|Any CPU
		{E24FB9E4-087F-4173-8F35-8E1858303468}.Release|Any CPU.ActiveCfg = Release|Any CPU
		{E24FB9E4-087F-4173-8F35-8E1858303468}.Release|Any CPU.Build.0 = Release|Any CPU
	EndGlobalSection
	GlobalSection(SolutionProperties) = preSolution
		HideSolutionNode = FALSE
	EndGlobalSection
	GlobalSection(ExtensibilityGlobals) = postSolution
		SolutionGuid = {6334507D-2855-4C8E-BBC4-F3D548C2F701}
	EndGlobalSection
EndGlobal
